// !$*UTF8*$!
{
	archiveVersion = 1;
	classes = {
	};
	objectVersion = 50;
	objects = {

/* Begin PBXBuildFile section */
		617458D224B8C6A200D8F228 /* Person.swift in Sources */ = {isa = PBXBuildFile; fileRef = 617458D124B8C6A200D8F228 /* Person.swift */; };
		617458D424B8C71B00D8F228 /* PersonController.swift in Sources */ = {isa = PBXBuildFile; fileRef = 617458D324B8C71B00D8F228 /* PersonController.swift */; };
		617458D624B8CB0500D8F228 /* PersonViewController.swift in Sources */ = {isa = PBXBuildFile; fileRef = 617458D524B8CB0500D8F228 /* PersonViewController.swift */; };
		61EFDAC924B8C57000DB0DE9 /* AppDelegate.swift in Sources */ = {isa = PBXBuildFile; fileRef = 61EFDAC824B8C57000DB0DE9 /* AppDelegate.swift */; };
		61EFDACB24B8C57000DB0DE9 /* SceneDelegate.swift in Sources */ = {isa = PBXBuildFile; fileRef = 61EFDACA24B8C57000DB0DE9 /* SceneDelegate.swift */; };
		61EFDAD024B8C57000DB0DE9 /* Main.storyboard in Resources */ = {isa = PBXBuildFile; fileRef = 61EFDACE24B8C57000DB0DE9 /* Main.storyboard */; };
		61EFDAD224B8C57100DB0DE9 /* Assets.xcassets in Resources */ = {isa = PBXBuildFile; fileRef = 61EFDAD124B8C57100DB0DE9 /* Assets.xcassets */; };
		61EFDAD524B8C57100DB0DE9 /* LaunchScreen.storyboard in Resources */ = {isa = PBXBuildFile; fileRef = 61EFDAD324B8C57100DB0DE9 /* LaunchScreen.storyboard */; };
/* End PBXBuildFile section */

/* Begin PBXFileReference section */
		617458D124B8C6A200D8F228 /* Person.swift */ = {isa = PBXFileReference; lastKnownFileType = sourcecode.swift; path = Person.swift; sourceTree = "<group>"; };
		617458D324B8C71B00D8F228 /* PersonController.swift */ = {isa = PBXFileReference; lastKnownFileType = sourcecode.swift; path = PersonController.swift; sourceTree = "<group>"; };
		617458D524B8CB0500D8F228 /* PersonViewController.swift */ = {isa = PBXFileReference; lastKnownFileType = sourcecode.swift; path = PersonViewController.swift; sourceTree = "<group>"; };
		61EFDAC524B8C57000DB0DE9 /* Pair Randomizer.app */ = {isa = PBXFileReference; explicitFileType = wrapper.application; includeInIndex = 0; path = "Pair Randomizer.app"; sourceTree = BUILT_PRODUCTS_DIR; };
		61EFDAC824B8C57000DB0DE9 /* AppDelegate.swift */ = {isa = PBXFileReference; lastKnownFileType = sourcecode.swift; path = AppDelegate.swift; sourceTree = "<group>"; };
		61EFDACA24B8C57000DB0DE9 /* SceneDelegate.swift */ = {isa = PBXFileReference; lastKnownFileType = sourcecode.swift; path = SceneDelegate.swift; sourceTree = "<group>"; };
		61EFDACF24B8C57000DB0DE9 /* Base */ = {isa = PBXFileReference; lastKnownFileType = file.storyboard; name = Base; path = Base.lproj/Main.storyboard; sourceTree = "<group>"; };
		61EFDAD124B8C57100DB0DE9 /* Assets.xcassets */ = {isa = PBXFileReference; lastKnownFileType = folder.assetcatalog; path = Assets.xcassets; sourceTree = "<group>"; };
		61EFDAD424B8C57100DB0DE9 /* Base */ = {isa = PBXFileReference; lastKnownFileType = file.storyboard; name = Base; path = Base.lproj/LaunchScreen.storyboard; sourceTree = "<group>"; };
		61EFDAD624B8C57100DB0DE9 /* Info.plist */ = {isa = PBXFileReference; lastKnownFileType = text.plist.xml; path = Info.plist; sourceTree = "<group>"; };
/* End PBXFileReference section */

/* Begin PBXFrameworksBuildPhase section */
		61EFDAC224B8C57000DB0DE9 /* Frameworks */ = {
			isa = PBXFrameworksBuildPhase;
			buildActionMask = 2147483647;
			files = (
			);
			runOnlyForDeploymentPostprocessing = 0;
		};
/* End PBXFrameworksBuildPhase section */

/* Begin PBXGroup section */
		61EFDABC24B8C57000DB0DE9 = {
			isa = PBXGroup;
			children = (
				61EFDAC724B8C57000DB0DE9 /* Pair Randomizer */,
				61EFDAC624B8C57000DB0DE9 /* Products */,
			);
			sourceTree = "<group>";
		};
		61EFDAC624B8C57000DB0DE9 /* Products */ = {
			isa = PBXGroup;
			children = (
				61EFDAC524B8C57000DB0DE9 /* Pair Randomizer.app */,
			);
			name = Products;
			sourceTree = "<group>";
		};
		61EFDAC724B8C57000DB0DE9 /* Pair Randomizer */ = {
			isa = PBXGroup;
			children = (
				61EFDADF24B8C59400DB0DE9 /* Controllers */,
				61EFDADE24B8C58F00DB0DE9 /* Model */,
				61EFDADD24B8C58800DB0DE9 /* Views */,
				61EFDADC24B8C57A00DB0DE9 /* Resources */,
			);
			path = "Pair Randomizer";
			sourceTree = "<group>";
		};
		61EFDADC24B8C57A00DB0DE9 /* Resources */ = {
			isa = PBXGroup;
			children = (
				61EFDAC824B8C57000DB0DE9 /* AppDelegate.swift */,
				61EFDACA24B8C57000DB0DE9 /* SceneDelegate.swift */,
				61EFDAD124B8C57100DB0DE9 /* Assets.xcassets */,
				61EFDAD324B8C57100DB0DE9 /* LaunchScreen.storyboard */,
				61EFDAD624B8C57100DB0DE9 /* Info.plist */,
			);
			path = Resources;
			sourceTree = "<group>";
		};
		61EFDADD24B8C58800DB0DE9 /* Views */ = {
			isa = PBXGroup;
			children = (
				61EFDACE24B8C57000DB0DE9 /* Main.storyboard */,
			);
			path = Views;
			sourceTree = "<group>";
		};
		61EFDADE24B8C58F00DB0DE9 /* Model */ = {
			isa = PBXGroup;
			children = (
				617458D124B8C6A200D8F228 /* Person.swift */,
			);
			path = Model;
			sourceTree = "<group>";
		};
		61EFDADF24B8C59400DB0DE9 /* Controllers */ = {
			isa = PBXGroup;
			children = (
				61EFDAE124B8C5A100DB0DE9 /* View Controller */,
				61EFDAE024B8C59A00DB0DE9 /* Model Controller */,
			);
			path = Controllers;
			sourceTree = "<group>";
		};
		61EFDAE024B8C59A00DB0DE9 /* Model Controller */ = {
			isa = PBXGroup;
			children = (
				617458D324B8C71B00D8F228 /* PersonController.swift */,
			);
			path = "Model Controller";
			sourceTree = "<group>";
		};
		61EFDAE124B8C5A100DB0DE9 /* View Controller */ = {
			isa = PBXGroup;
			children = (
				617458D524B8CB0500D8F228 /* PersonViewController.swift */,
			);
			path = "View Controller";
			sourceTree = "<group>";
		};
/* End PBXGroup section */

/* Begin PBXNativeTarget section */
		61EFDAC424B8C57000DB0DE9 /* Pair Randomizer */ = {
			isa = PBXNativeTarget;
			buildConfigurationList = 61EFDAD924B8C57100DB0DE9 /* Build configuration list for PBXNativeTarget "Pair Randomizer" */;
			buildPhases = (
				61EFDAC124B8C57000DB0DE9 /* Sources */,
				61EFDAC224B8C57000DB0DE9 /* Frameworks */,
				61EFDAC324B8C57000DB0DE9 /* Resources */,
			);
			buildRules = (
			);
			dependencies = (
			);
			name = "Pair Randomizer";
			productName = "Pair Randomizer";
			productReference = 61EFDAC524B8C57000DB0DE9 /* Pair Randomizer.app */;
			productType = "com.apple.product-type.application";
		};
/* End PBXNativeTarget section */

/* Begin PBXProject section */
		61EFDABD24B8C57000DB0DE9 /* Project object */ = {
			isa = PBXProject;
			attributes = {
				LastSwiftUpdateCheck = 1150;
				LastUpgradeCheck = 1150;
				ORGANIZATIONNAME = "Hunter McNeil";
				TargetAttributes = {
					61EFDAC424B8C57000DB0DE9 = {
						CreatedOnToolsVersion = 11.5;
					};
				};
			};
			buildConfigurationList = 61EFDAC024B8C57000DB0DE9 /* Build configuration list for PBXProject "Pair Randomizer" */;
			compatibilityVersion = "Xcode 9.3";
			developmentRegion = en;
			hasScannedForEncodings = 0;
			knownRegions = (
				en,
				Base,
			);
			mainGroup = 61EFDABC24B8C57000DB0DE9;
			productRefGroup = 61EFDAC624B8C57000DB0DE9 /* Products */;
			projectDirPath = "";
			projectRoot = "";
			targets = (
				61EFDAC424B8C57000DB0DE9 /* Pair Randomizer */,
			);
		};
/* End PBXProject section */

/* Begin PBXResourcesBuildPhase section */
		61EFDAC324B8C57000DB0DE9 /* Resources */ = {
			isa = PBXResourcesBuildPhase;
			buildActionMask = 2147483647;
			files = (
				61EFDAD524B8C57100DB0DE9 /* LaunchScreen.storyboard in Resources */,
				61EFDAD224B8C57100DB0DE9 /* Assets.xcassets in Resources */,
				61EFDAD024B8C57000DB0DE9 /* Main.storyboard in Resources */,
			);
			runOnlyForDeploymentPostprocessing = 0;
		};
/* End PBXResourcesBuildPhase section */

/* Begin PBXSourcesBuildPhase section */
		61EFDAC124B8C57000DB0DE9 /* Sources */ = {
			isa = PBXSourcesBuildPhase;
			buildActionMask = 2147483647;
			files = (
				617458D624B8CB0500D8F228 /* PersonViewController.swift in Sources */,
				617458D424B8C71B00D8F228 /* PersonController.swift in Sources */,
				617458D224B8C6A200D8F228 /* Person.swift in Sources */,
				61EFDAC924B8C57000DB0DE9 /* AppDelegate.swift in Sources */,
				61EFDACB24B8C57000DB0DE9 /* SceneDelegate.swift in Sources */,
			);
			runOnlyForDeploymentPostprocessing = 0;
		};
/* End PBXSourcesBuildPhase section */

/* Begin PBXVariantGroup section */
		61EFDACE24B8C57000DB0DE9 /* Main.storyboard */ = {
			isa = PBXVariantGroup;
			children = (
				61EFDACF24B8C57000DB0DE9 /* Base */,
			);
			name = Main.storyboard;
			sourceTree = "<group>";
		};
		61EFDAD324B8C57100DB0DE9 /* LaunchScreen.storyboard */ = {
			isa = PBXVariantGroup;
			children = (
				61EFDAD424B8C57100DB0DE9 /* Base */,
			);
			name = LaunchScreen.storyboard;
			sourceTree = "<group>";
		};
/* End PBXVariantGroup section */

/* Begin XCBuildConfiguration section */
		61EFDAD724B8C57100DB0DE9 /* Debug */ = {
			isa = XCBuildConfiguration;
			buildSettings = {
				ALWAYS_SEARCH_USER_PATHS = NO;
				CLANG_ANALYZER_NONNULL = YES;
				CLANG_ANALYZER_NUMBER_OBJECT_CONVERSION = YES_AGGRESSIVE;
				CLANG_CXX_LANGUAGE_STANDARD = "gnu++14";
				CLANG_CXX_LIBRARY = "libc++";
				CLANG_ENABLE_MODULES = YES;
				CLANG_ENABLE_OBJC_ARC = YES;
				CLANG_ENABLE_OBJC_WEAK = YES;
				CLANG_WARN_BLOCK_CAPTURE_AUTORELEASING = YES;
				CLANG_WARN_BOOL_CONVERSION = YES;
				CLANG_WARN_COMMA = YES;
				CLANG_WARN_CONSTANT_CONVERSION = YES;
				CLANG_WARN_DEPRECATED_OBJC_IMPLEMENTATIONS = YES;
				CLANG_WARN_DIRECT_OBJC_ISA_USAGE = YES_ERROR;
				CLANG_WARN_DOCUMENTATION_COMMENTS = YES;
				CLANG_WARN_EMPTY_BODY = YES;
				CLANG_WARN_ENUM_CONVERSION = YES;
				CLANG_WARN_INFINITE_RECURSION = YES;
				CLANG_WARN_INT_CONVERSION = YES;
				CLANG_WARN_NON_LITERAL_NULL_CONVERSION = YES;
				CLANG_WARN_OBJC_IMPLICIT_RETAIN_SELF = YES;
				CLANG_WARN_OBJC_LITERAL_CONVERSION = YES;
				CLANG_WARN_OBJC_ROOT_CLASS = YES_ERROR;
				CLANG_WARN_RANGE_LOOP_ANALYSIS = YES;
				CLANG_WARN_STRICT_PROTOTYPES = YES;
				CLANG_WARN_SUSPICIOUS_MOVE = YES;
				CLANG_WARN_UNGUARDED_AVAILABILITY = YES_AGGRESSIVE;
				CLANG_WARN_UNREACHABLE_CODE = YES;
				CLANG_WARN__DUPLICATE_METHOD_MATCH = YES;
				COPY_PHASE_STRIP = NO;
				DEBUG_INFORMATION_FORMAT = dwarf;
				ENABLE_STRICT_OBJC_MSGSEND = YES;
				ENABLE_TESTABILITY = YES;
				GCC_C_LANGUAGE_STANDARD = gnu11;
				GCC_DYNAMIC_NO_PIC = NO;
				GCC_NO_COMMON_BLOCKS = YES;
				GCC_OPTIMIZATION_LEVEL = 0;
				GCC_PREPROCESSOR_DEFINITIONS = (
					"DEBUG=1",
					"$(inherited)",
				);
				GCC_WARN_64_TO_32_BIT_CONVERSION = YES;
				GCC_WARN_ABOUT_RETURN_TYPE = YES_ERROR;
				GCC_WARN_UNDECLARED_SELECTOR = YES;
				GCC_WARN_UNINITIALIZED_AUTOS = YES_AGGRESSIVE;
				GCC_WARN_UNUSED_FUNCTION = YES;
				GCC_WARN_UNUSED_VARIABLE = YES;
				IPHONEOS_DEPLOYMENT_TARGET = 13.5;
				MTL_ENABLE_DEBUG_INFO = INCLUDE_SOURCE;
				MTL_FAST_MATH = YES;
				ONLY_ACTIVE_ARCH = YES;
				SDKROOT = iphoneos;
				SWIFT_ACTIVE_COMPILATION_CONDITIONS = DEBUG;
				SWIFT_OPTIMIZATION_LEVEL = "-Onone";
			};
			name = Debug;
		};
		61EFDAD824B8C57100DB0DE9 /* Release */ = {
			isa = XCBuildConfiguration;
			buildSettings = {
				ALWAYS_SEARCH_USER_PATHS = NO;
				CLANG_ANALYZER_NONNULL = YES;
				CLANG_ANALYZER_NUMBER_OBJECT_CONVERSION = YES_AGGRESSIVE;
				CLANG_CXX_LANGUAGE_STANDARD = "gnu++14";
				CLANG_CXX_LIBRARY = "libc++";
				CLANG_ENABLE_MODULES = YES;
				CLANG_ENABLE_OBJC_ARC = YES;
				CLANG_ENABLE_OBJC_WEAK = YES;
				CLANG_WARN_BLOCK_CAPTURE_AUTORELEASING = YES;
				CLANG_WARN_BOOL_CONVERSION = YES;
				CLANG_WARN_COMMA = YES;
				CLANG_WARN_CONSTANT_CONVERSION = YES;
				CLANG_WARN_DEPRECATED_OBJC_IMPLEMENTATIONS = YES;
				CLANG_WARN_DIRECT_OBJC_ISA_USAGE = YES_ERROR;
				CLANG_WARN_DOCUMENTATION_COMMENTS = YES;
				CLANG_WARN_EMPTY_BODY = YES;
				CLANG_WARN_ENUM_CONVERSION = YES;
				CLANG_WARN_INFINITE_RECURSION = YES;
				CLANG_WARN_INT_CONVERSION = YES;
				CLANG_WARN_NON_LITERAL_NULL_CONVERSION = YES;
				CLANG_WARN_OBJC_IMPLICIT_RETAIN_SELF = YES;
				CLANG_WARN_OBJC_LITERAL_CONVERSION = YES;
				CLANG_WARN_OBJC_ROOT_CLASS = YES_ERROR;
				CLANG_WARN_RANGE_LOOP_ANALYSIS = YES;
				CLANG_WARN_STRICT_PROTOTYPES = YES;
				CLANG_WARN_SUSPICIOUS_MOVE = YES;
				CLANG_WARN_UNGUARDED_AVAILABILITY = YES_AGGRESSIVE;
				CLANG_WARN_UNREACHABLE_CODE = YES;
				CLANG_WARN__DUPLICATE_METHOD_MATCH = YES;
				COPY_PHASE_STRIP = NO;
				DEBUG_INFORMATION_FORMAT = "dwarf-with-dsym";
				ENABLE_NS_ASSERTIONS = NO;
				ENABLE_STRICT_OBJC_MSGSEND = YES;
				GCC_C_LANGUAGE_STANDARD = gnu11;
				GCC_NO_COMMON_BLOCKS = YES;
				GCC_WARN_64_TO_32_BIT_CONVERSION = YES;
				GCC_WARN_ABOUT_RETURN_TYPE = YES_ERROR;
				GCC_WARN_UNDECLARED_SELECTOR = YES;
				GCC_WARN_UNINITIALIZED_AUTOS = YES_AGGRESSIVE;
				GCC_WARN_UNUSED_FUNCTION = YES;
				GCC_WARN_UNUSED_VARIABLE = YES;
				IPHONEOS_DEPLOYMENT_TARGET = 13.5;
				MTL_ENABLE_DEBUG_INFO = NO;
				MTL_FAST_MATH = YES;
				SDKROOT = iphoneos;
				SWIFT_COMPILATION_MODE = wholemodule;
				SWIFT_OPTIMIZATION_LEVEL = "-O";
				VALIDATE_PRODUCT = YES;
			};
			name = Release;
		};
		61EFDADA24B8C57100DB0DE9 /* Debug */ = {
			isa = XCBuildConfiguration;
			buildSettings = {
				ASSETCATALOG_COMPILER_APPICON_NAME = AppIcon;
				CODE_SIGN_STYLE = Automatic;
				DEVELOPMENT_TEAM = K23N64X4NS;
				INFOPLIST_FILE = "Pair Randomizer/Resources/Info.plist";
				LD_RUNPATH_SEARCH_PATHS = (
					"$(inherited)",
					"@executable_path/Frameworks",
				);
				PRODUCT_BUNDLE_IDENTIFIER = "com.hmcneil.Pair-Randomizer";
				PRODUCT_NAME = "$(TARGET_NAME)";
				SWIFT_VERSION = 5.0;
				TARGETED_DEVICE_FAMILY = "1,2";
			};
			name = Debug;
		};
		61EFDADB24B8C57100DB0DE9 /* Release */ = {
			isa = XCBuildConfiguration;
			buildSettings = {
				ASSETCATALOG_COMPILER_APPICON_NAME = AppIcon;
				CODE_SIGN_STYLE = Automatic;
				DEVELOPMENT_TEAM = K23N64X4NS;
				INFOPLIST_FILE = "Pair Randomizer/Resources/Info.plist";
				LD_RUNPATH_SEARCH_PATHS = (
					"$(inherited)",
					"@executable_path/Frameworks",
				);
				PRODUCT_BUNDLE_IDENTIFIER = "com.hmcneil.Pair-Randomizer";
				PRODUCT_NAME = "$(TARGET_NAME)";
				SWIFT_VERSION = 5.0;
				TARGETED_DEVICE_FAMILY = "1,2";
			};
			name = Release;
		};
/* End XCBuildConfiguration section */

/* Begin XCConfigurationList section */
		61EFDAC024B8C57000DB0DE9 /* Build configuration list for PBXProject "Pair Randomizer" */ = {
			isa = XCConfigurationList;
			buildConfigurations = (
				61EFDAD724B8C57100DB0DE9 /* Debug */,
				61EFDAD824B8C57100DB0DE9 /* Release */,
			);
			defaultConfigurationIsVisible = 0;
			defaultConfigurationName = Release;
		};
		61EFDAD924B8C57100DB0DE9 /* Build configuration list for PBXNativeTarget "Pair Randomizer" */ = {
			isa = XCConfigurationList;
			buildConfigurations = (
				61EFDADA24B8C57100DB0DE9 /* Debug */,
				61EFDADB24B8C57100DB0DE9 /* Release */,
			);
			defaultConfigurationIsVisible = 0;
			defaultConfigurationName = Release;
		};
/* End XCConfigurationList section */
	};
	rootObject = 61EFDABD24B8C57000DB0DE9 /* Project object */;
}
